
Microsoft Visual Studio Solution File, Format Version 12.00
# Visual Studio Version 17
VisualStudioVersion = 17.4.33213.308
MinimumVisualStudioVersion = 10.0.40219.1
Project("{FAE04EC0-301F-11D3-BF4B-00C04F79EFBC}") = "Identity", "Identity\Identity.csproj", "{5FD1A885-22C3-4054-A71E-885B6CC90C34}"
EndProject
Global
	GlobalSection(SolutionConfigurationPlatforms) = preSolution
		Debug|Any CPU = Debug|Any CPU
		Release|Any CPU = Release|Any CPU
	EndGlobalSection
	GlobalSection(ProjectConfigurationPlatforms) = postSolution
		{5FD1A885-22C3-4054-A71E-885B6CC90C34}.Debug|Any CPU.ActiveCfg = Debug|Any CPU
		{5FD1A885-22C3-4054-A71E-885B6CC90C34}.Debug|Any CPU.Build.0 = Debug|Any CPU
		{5FD1A885-22C3-4054-A71E-885B6CC90C34}.Release|Any CPU.ActiveCfg = Release|Any CPU
		{5FD1A885-22C3-4054-A71E-885B6CC90C34}.Release|Any CPU.Build.0 = Release|Any CPU
	EndGlobalSection
	GlobalSection(SolutionProperties) = preSolution
		HideSolutionNode = FALSE
	EndGlobalSection
	GlobalSection(ExtensibilityGlobals) = postSolution
		SolutionGuid = {69932DC4-9A2C-4113-9E50-7C79E339481B}
	EndGlobalSection
EndGlobal
